
Microsoft Visual Studio Solution File, Format Version 12.00
# Visual Studio 15
VisualStudioVersion = 15.0.28010.2026
MinimumVisualStudioVersion = 10.0.40219.1
Project("{FAE04EC0-301F-11D3-BF4B-00C04F79EFBC}") = "SBSWeb", "SBSWeb\SBSWeb.csproj", "{BCEEF3DE-9B93-4925-8535-002ECDF3E79E}"
EndProject
Global
	GlobalSection(SolutionConfigurationPlatforms) = preSolution
		Debug|Any CPU = Debug|Any CPU
		Release|Any CPU = Release|Any CPU
	EndGlobalSection
	GlobalSection(ProjectConfigurationPlatforms) = postSolution
		{BCEEF3DE-9B93-4925-8535-002ECDF3E79E}.Debug|Any CPU.ActiveCfg = Debug|Any CPU
		{BCEEF3DE-9B93-4925-8535-002ECDF3E79E}.Debug|Any CPU.Build.0 = Debug|Any CPU
		{BCEEF3DE-9B93-4925-8535-002ECDF3E79E}.Release|Any CPU.ActiveCfg = Release|Any CPU
		{BCEEF3DE-9B93-4925-8535-002ECDF3E79E}.Release|Any CPU.Build.0 = Release|Any CPU
	EndGlobalSection
	GlobalSection(SolutionProperties) = preSolution
		HideSolutionNode = FALSE
	EndGlobalSection
	GlobalSection(ExtensibilityGlobals) = postSolution
		SolutionGuid = {532D1D4E-3806-4467-BB89-D58F853E44D0}
	EndGlobalSection
EndGlobal
